
Microsoft Visual Studio Solution File, Format Version 12.00
# Visual Studio Version 16
VisualStudioVersion = 16.0.30611.23
MinimumVisualStudioVersion = 10.0.40219.1
Project("{FAE04EC0-301F-11D3-BF4B-00C04F79EFBC}") = "SimpleCalcu", "SimpleCalcu\SimpleCalcu.csproj", "{B283A838-6E25-4D08-8C0C-A2E79D32DE3A}"
EndProject
Global
	GlobalSection(SolutionConfigurationPlatforms) = preSolution
		Debug|Any CPU = Debug|Any CPU
		Release|Any CPU = Release|Any CPU
	EndGlobalSection
	GlobalSection(ProjectConfigurationPlatforms) = postSolution
		{B283A838-6E25-4D08-8C0C-A2E79D32DE3A}.Debug|Any CPU.ActiveCfg = Debug|Any CPU
		{B283A838-6E25-4D08-8C0C-A2E79D32DE3A}.Debug|Any CPU.Build.0 = Debug|Any CPU
		{B283A838-6E25-4D08-8C0C-A2E79D32DE3A}.Release|Any CPU.ActiveCfg = Release|Any CPU
		{B283A838-6E25-4D08-8C0C-A2E79D32DE3A}.Release|Any CPU.Build.0 = Release|Any CPU
	EndGlobalSection
	GlobalSection(SolutionProperties) = preSolution
		HideSolutionNode = FALSE
	EndGlobalSection
	GlobalSection(ExtensibilityGlobals) = postSolution
		SolutionGuid = {33CD3B5D-6F3B-45BF-A81D-983AFD81A822}
	EndGlobalSection
EndGlobal
